// !$*UTF8*$!
{
	archiveVersion = 1;
	classes = {
	};
	objectVersion = 46;
	objects = {

/* Begin PBXBuildFile section */
		6B8FA8B81E4B71A20037483C /* ReminderViewController.swift in Sources */ = {isa = PBXBuildFile; fileRef = 6B8FA8B71E4B71A20037483C /* ReminderViewController.swift */; };
		6B8FA8BA1E4CC0240037483C /* TriggerLocation+Extensions.swift in Sources */ = {isa = PBXBuildFile; fileRef = 6B8FA8B91E4CC0240037483C /* TriggerLocation+Extensions.swift */; };
		6B8FA8BB1E4CC0240037483C /* TriggerLocation+Extensions.swift in Sources */ = {isa = PBXBuildFile; fileRef = 6B8FA8B91E4CC0240037483C /* TriggerLocation+Extensions.swift */; };
		6B8FA8BD1E4CCECE0037483C /* Reminder+Extensions.swift in Sources */ = {isa = PBXBuildFile; fileRef = 6B8FA8BC1E4CCECE0037483C /* Reminder+Extensions.swift */; };
		6B8FA8BE1E4CCECE0037483C /* Reminder+Extensions.swift in Sources */ = {isa = PBXBuildFile; fileRef = 6B8FA8BC1E4CCECE0037483C /* Reminder+Extensions.swift */; };
		6B8FA8C01E4CDD760037483C /* LocationViewController.swift in Sources */ = {isa = PBXBuildFile; fileRef = 6B8FA8BF1E4CDD760037483C /* LocationViewController.swift */; };
		6B8FA8E71E4E57FC0037483C /* SearchResultsTableViewController.swift in Sources */ = {isa = PBXBuildFile; fileRef = 6B8FA8E61E4E57FC0037483C /* SearchResultsTableViewController.swift */; };
		6B8FA8E91E520A700037483C /* NotificationManager.swift in Sources */ = {isa = PBXBuildFile; fileRef = 6B8FA8E81E520A700037483C /* NotificationManager.swift */; };
		6B8FA8EB1E520EDB0037483C /* Notification.wav in Resources */ = {isa = PBXBuildFile; fileRef = 6B8FA8EA1E520EDB0037483C /* Notification.wav */; };
		6BB00B231E5AA7F700FBED1C /* ReminderContainerViewController.swift in Sources */ = {isa = PBXBuildFile; fileRef = 6BB00B221E5AA7F700FBED1C /* ReminderContainerViewController.swift */; };
		6BCBEAA21E46CAAE00DF6273 /* AppDelegate.swift in Sources */ = {isa = PBXBuildFile; fileRef = 6BCBEAA11E46CAAE00DF6273 /* AppDelegate.swift */; };
		6BCBEAA51E46CAAE00DF6273 /* HereUGo.xcdatamodeld in Sources */ = {isa = PBXBuildFile; fileRef = 6BCBEAA31E46CAAE00DF6273 /* HereUGo.xcdatamodeld */; };
		6BCBEAAC1E46CAAE00DF6273 /* Main.storyboard in Resources */ = {isa = PBXBuildFile; fileRef = 6BCBEAAA1E46CAAE00DF6273 /* Main.storyboard */; };
		6BCBEAAE1E46CAAE00DF6273 /* Assets.xcassets in Resources */ = {isa = PBXBuildFile; fileRef = 6BCBEAAD1E46CAAE00DF6273 /* Assets.xcassets */; };
		6BCBEAB11E46CAAE00DF6273 /* LaunchScreen.storyboard in Resources */ = {isa = PBXBuildFile; fileRef = 6BCBEAAF1E46CAAE00DF6273 /* LaunchScreen.storyboard */; };
		6BCBEABC1E46CAAE00DF6273 /* HereUGoTests.swift in Sources */ = {isa = PBXBuildFile; fileRef = 6BCBEABB1E46CAAE00DF6273 /* HereUGoTests.swift */; };
		6BCBEAC71E46CAAE00DF6273 /* HereUGoUITests.swift in Sources */ = {isa = PBXBuildFile; fileRef = 6BCBEAC61E46CAAE00DF6273 /* HereUGoUITests.swift */; };
		6BCBEAD71E48DDB100DF6273 /* MapKit.framework in Frameworks */ = {isa = PBXBuildFile; fileRef = 6BCBEAD61E48DDB100DF6273 /* MapKit.framework */; };
		6BCBEAD91E48DE9000DF6273 /* CoreDataController.swift in Sources */ = {isa = PBXBuildFile; fileRef = 6BCBEAD81E48DE9000DF6273 /* CoreDataController.swift */; };
		6BCBEADB1E48DEDE00DF6273 /* TJMApplicationError.swift in Sources */ = {isa = PBXBuildFile; fileRef = 6BCBEADA1E48DEDE00DF6273 /* TJMApplicationError.swift */; };
		6BCBEADC1E48DEDE00DF6273 /* TJMApplicationError.swift in Sources */ = {isa = PBXBuildFile; fileRef = 6BCBEADA1E48DEDE00DF6273 /* TJMApplicationError.swift */; };
		6BCBEADF1E48DF8E00DF6273 /* LocationManager.swift in Sources */ = {isa = PBXBuildFile; fileRef = 6BCBEADE1E48DF8E00DF6273 /* LocationManager.swift */; };
		6BCBEAE01E48DF8E00DF6273 /* LocationManager.swift in Sources */ = {isa = PBXBuildFile; fileRef = 6BCBEADE1E48DF8E00DF6273 /* LocationManager.swift */; };
		6BCBEAE41E4901B300DF6273 /* ReminderCell.swift in Sources */ = {isa = PBXBuildFile; fileRef = 6BCBEAE31E4901B300DF6273 /* ReminderCell.swift */; };
		6BCBEAE51E4901B300DF6273 /* ReminderCell.swift in Sources */ = {isa = PBXBuildFile; fileRef = 6BCBEAE31E4901B300DF6273 /* ReminderCell.swift */; };
		6BCBEAE71E49026B00DF6273 /* ReminderListViewController.swift in Sources */ = {isa = PBXBuildFile; fileRef = 6BCBEAE61E49026B00DF6273 /* ReminderListViewController.swift */; };
		6BCBEAEA1E490C4400DF6273 /* UserSettings.swift in Sources */ = {isa = PBXBuildFile; fileRef = 6BCBEAE91E490C4400DF6273 /* UserSettings.swift */; };
		6BCBEAEB1E490C4400DF6273 /* UserSettings.swift in Sources */ = {isa = PBXBuildFile; fileRef = 6BCBEAE91E490C4400DF6273 /* UserSettings.swift */; };
		6BCBEAED1E4913B100DF6273 /* ReminderFetchedResultsManager.swift in Sources */ = {isa = PBXBuildFile; fileRef = 6BCBEAEC1E4913B100DF6273 /* ReminderFetchedResultsManager.swift */; };
		6BCBEAEE1E4913B100DF6273 /* ReminderFetchedResultsManager.swift in Sources */ = {isa = PBXBuildFile; fileRef = 6BCBEAEC1E4913B100DF6273 /* ReminderFetchedResultsManager.swift */; };
		6BCBEAF01E49150100DF6273 /* SortPreference.swift in Sources */ = {isa = PBXBuildFile; fileRef = 6BCBEAEF1E49150100DF6273 /* SortPreference.swift */; };
		6BCBEAF11E49150100DF6273 /* SortPreference.swift in Sources */ = {isa = PBXBuildFile; fileRef = 6BCBEAEF1E49150100DF6273 /* SortPreference.swift */; };
		6BCBEAF81E4A304D00DF6273 /* Reminder+CoreDataClass.swift in Sources */ = {isa = PBXBuildFile; fileRef = 6BCBEAF21E4A304D00DF6273 /* Reminder+CoreDataClass.swift */; };
		6BCBEAF91E4A304D00DF6273 /* Reminder+CoreDataClass.swift in Sources */ = {isa = PBXBuildFile; fileRef = 6BCBEAF21E4A304D00DF6273 /* Reminder+CoreDataClass.swift */; };
		6BCBEAFA1E4A304D00DF6273 /* Reminder+CoreDataProperties.swift in Sources */ = {isa = PBXBuildFile; fileRef = 6BCBEAF31E4A304D00DF6273 /* Reminder+CoreDataProperties.swift */; };
		6BCBEAFB1E4A304D00DF6273 /* Reminder+CoreDataProperties.swift in Sources */ = {isa = PBXBuildFile; fileRef = 6BCBEAF31E4A304D00DF6273 /* Reminder+CoreDataProperties.swift */; };
		6BCBEAFC1E4A304D00DF6273 /* List+CoreDataClass.swift in Sources */ = {isa = PBXBuildFile; fileRef = 6BCBEAF41E4A304D00DF6273 /* List+CoreDataClass.swift */; };
		6BCBEAFD1E4A304D00DF6273 /* List+CoreDataClass.swift in Sources */ = {isa = PBXBuildFile; fileRef = 6BCBEAF41E4A304D00DF6273 /* List+CoreDataClass.swift */; };
		6BCBEAFE1E4A304D00DF6273 /* List+CoreDataProperties.swift in Sources */ = {isa = PBXBuildFile; fileRef = 6BCBEAF51E4A304D00DF6273 /* List+CoreDataProperties.swift */; };
		6BCBEAFF1E4A304D00DF6273 /* List+CoreDataProperties.swift in Sources */ = {isa = PBXBuildFile; fileRef = 6BCBEAF51E4A304D00DF6273 /* List+CoreDataProperties.swift */; };
		6BCBEB001E4A304D00DF6273 /* TriggerLocation+CoreDataClass.swift in Sources */ = {isa = PBXBuildFile; fileRef = 6BCBEAF61E4A304D00DF6273 /* TriggerLocation+CoreDataClass.swift */; };
		6BCBEB011E4A304D00DF6273 /* TriggerLocation+CoreDataClass.swift in Sources */ = {isa = PBXBuildFile; fileRef = 6BCBEAF61E4A304D00DF6273 /* TriggerLocation+CoreDataClass.swift */; };
		6BCBEB021E4A304D00DF6273 /* TriggerLocation+CoreDataProperties.swift in Sources */ = {isa = PBXBuildFile; fileRef = 6BCBEAF71E4A304D00DF6273 /* TriggerLocation+CoreDataProperties.swift */; };
		6BCBEB031E4A304D00DF6273 /* TriggerLocation+CoreDataProperties.swift in Sources */ = {isa = PBXBuildFile; fileRef = 6BCBEAF71E4A304D00DF6273 /* TriggerLocation+CoreDataProperties.swift */; };
		6BCBEB0B1E4A388200DF6273 /* Date+Pretty.swift in Sources */ = {isa = PBXBuildFile; fileRef = 6BCBEB0A1E4A388200DF6273 /* Date+Pretty.swift */; };
		6BCBEB0C1E4A388200DF6273 /* Date+Pretty.swift in Sources */ = {isa = PBXBuildFile; fileRef = 6BCBEB0A1E4A388200DF6273 /* Date+Pretty.swift */; };
		6BCBEB0F1E4A397B00DF6273 /* UIViewController+DailyDiaryError.swift in Sources */ = {isa = PBXBuildFile; fileRef = 6BCBEB0E1E4A397B00DF6273 /* UIViewController+DailyDiaryError.swift */; };
		6BCBEB101E4A397B00DF6273 /* UIViewController+DailyDiaryError.swift in Sources */ = {isa = PBXBuildFile; fileRef = 6BCBEB0E1E4A397B00DF6273 /* UIViewController+DailyDiaryError.swift */; };
		6BDEBFC11E5376DC00C64155 /* CLPlacemark+extensions.swift in Sources */ = {isa = PBXBuildFile; fileRef = 6BDEBFC01E5376DC00C64155 /* CLPlacemark+extensions.swift */; };
		6BDEBFC31E53780A00C64155 /* CLPlacemark+extensions.swift in Sources */ = {isa = PBXBuildFile; fileRef = 6BDEBFC01E5376DC00C64155 /* CLPlacemark+extensions.swift */; };
		6BDEBFC51E53B60400C64155 /* FilterPreference.swift in Sources */ = {isa = PBXBuildFile; fileRef = 6BDEBFC41E53B60400C64155 /* FilterPreference.swift */; };
		6BDEBFC61E53B60400C64155 /* FilterPreference.swift in Sources */ = {isa = PBXBuildFile; fileRef = 6BDEBFC41E53B60400C64155 /* FilterPreference.swift */; };
		6BDEBFC91E57E0B300C64155 /* HereUGoLogo@2x.png in Resources */ = {isa = PBXBuildFile; fileRef = 6BDEBFC71E57E0B300C64155 /* HereUGoLogo@2x.png */; };
		6BDEBFCA1E57E0B300C64155 /* HereUGoLogo@3x.png in Resources */ = {isa = PBXBuildFile; fileRef = 6BDEBFC81E57E0B300C64155 /* HereUGoLogo@3x.png */; };
/* End PBXBuildFile section */

/* Begin PBXContainerItemProxy section */
		6BCBEAB81E46CAAE00DF6273 /* PBXContainerItemProxy */ = {
			isa = PBXContainerItemProxy;
			containerPortal = 6BCBEA961E46CAAE00DF6273 /* Project object */;
			proxyType = 1;
			remoteGlobalIDString = 6BCBEA9D1E46CAAE00DF6273;
			remoteInfo = HereUGo;
		};
		6BCBEAC31E46CAAE00DF6273 /* PBXContainerItemProxy */ = {
			isa = PBXContainerItemProxy;
			containerPortal = 6BCBEA961E46CAAE00DF6273 /* Project object */;
			proxyType = 1;
			remoteGlobalIDString = 6BCBEA9D1E46CAAE00DF6273;
			remoteInfo = HereUGo;
		};
/* End PBXContainerItemProxy section */

/* Begin PBXFileReference section */
		6B8FA8B71E4B71A20037483C /* ReminderViewController.swift */ = {isa = PBXFileReference; fileEncoding = 4; lastKnownFileType = sourcecode.swift; path = ReminderViewController.swift; sourceTree = "<group>"; };
		6B8FA8B91E4CC0240037483C /* TriggerLocation+Extensions.swift */ = {isa = PBXFileReference; fileEncoding = 4; lastKnownFileType = sourcecode.swift; path = "TriggerLocation+Extensions.swift"; sourceTree = "<group>"; };
		6B8FA8BC1E4CCECE0037483C /* Reminder+Extensions.swift */ = {isa = PBXFileReference; fileEncoding = 4; lastKnownFileType = sourcecode.swift; path = "Reminder+Extensions.swift"; sourceTree = "<group>"; };
		6B8FA8BF1E4CDD760037483C /* LocationViewController.swift */ = {isa = PBXFileReference; fileEncoding = 4; lastKnownFileType = sourcecode.swift; path = LocationViewController.swift; sourceTree = "<group>"; };
		6B8FA8E61E4E57FC0037483C /* SearchResultsTableViewController.swift */ = {isa = PBXFileReference; fileEncoding = 4; lastKnownFileType = sourcecode.swift; path = SearchResultsTableViewController.swift; sourceTree = "<group>"; };
		6B8FA8E81E520A700037483C /* NotificationManager.swift */ = {isa = PBXFileReference; fileEncoding = 4; lastKnownFileType = sourcecode.swift; path = NotificationManager.swift; sourceTree = "<group>"; };
		6B8FA8EA1E520EDB0037483C /* Notification.wav */ = {isa = PBXFileReference; lastKnownFileType = audio.wav; path = Notification.wav; sourceTree = "<group>"; };
		6BB00B221E5AA7F700FBED1C /* ReminderContainerViewController.swift */ = {isa = PBXFileReference; fileEncoding = 4; lastKnownFileType = sourcecode.swift; path = ReminderContainerViewController.swift; sourceTree = "<group>"; };
		6BCBEA9E1E46CAAE00DF6273 /* HereUGo.app */ = {isa = PBXFileReference; explicitFileType = wrapper.application; includeInIndex = 0; path = HereUGo.app; sourceTree = BUILT_PRODUCTS_DIR; };
		6BCBEAA11E46CAAE00DF6273 /* AppDelegate.swift */ = {isa = PBXFileReference; lastKnownFileType = sourcecode.swift; path = AppDelegate.swift; sourceTree = "<group>"; };
		6BCBEAA41E46CAAE00DF6273 /* HereUGo.xcdatamodel */ = {isa = PBXFileReference; lastKnownFileType = wrapper.xcdatamodel; path = HereUGo.xcdatamodel; sourceTree = "<group>"; };
		6BCBEAAB1E46CAAE00DF6273 /* Base */ = {isa = PBXFileReference; lastKnownFileType = file.storyboard; name = Base; path = Base.lproj/Main.storyboard; sourceTree = "<group>"; };
		6BCBEAAD1E46CAAE00DF6273 /* Assets.xcassets */ = {isa = PBXFileReference; lastKnownFileType = folder.assetcatalog; path = Assets.xcassets; sourceTree = "<group>"; };
		6BCBEAB01E46CAAE00DF6273 /* Base */ = {isa = PBXFileReference; lastKnownFileType = file.storyboard; name = Base; path = Base.lproj/LaunchScreen.storyboard; sourceTree = "<group>"; };
		6BCBEAB21E46CAAE00DF6273 /* Info.plist */ = {isa = PBXFileReference; lastKnownFileType = text.plist.xml; path = Info.plist; sourceTree = "<group>"; };
		6BCBEAB71E46CAAE00DF6273 /* HereUGoTests.xctest */ = {isa = PBXFileReference; explicitFileType = wrapper.cfbundle; includeInIndex = 0; path = HereUGoTests.xctest; sourceTree = BUILT_PRODUCTS_DIR; };
		6BCBEABB1E46CAAE00DF6273 /* HereUGoTests.swift */ = {isa = PBXFileReference; lastKnownFileType = sourcecode.swift; path = HereUGoTests.swift; sourceTree = "<group>"; };
		6BCBEABD1E46CAAE00DF6273 /* Info.plist */ = {isa = PBXFileReference; lastKnownFileType = text.plist.xml; path = Info.plist; sourceTree = "<group>"; };
		6BCBEAC21E46CAAE00DF6273 /* HereUGoUITests.xctest */ = {isa = PBXFileReference; explicitFileType = wrapper.cfbundle; includeInIndex = 0; path = HereUGoUITests.xctest; sourceTree = BUILT_PRODUCTS_DIR; };
		6BCBEAC61E46CAAE00DF6273 /* HereUGoUITests.swift */ = {isa = PBXFileReference; lastKnownFileType = sourcecode.swift; path = HereUGoUITests.swift; sourceTree = "<group>"; };
		6BCBEAC81E46CAAE00DF6273 /* Info.plist */ = {isa = PBXFileReference; lastKnownFileType = text.plist.xml; path = Info.plist; sourceTree = "<group>"; };
		6BCBEAD61E48DDB100DF6273 /* MapKit.framework */ = {isa = PBXFileReference; lastKnownFileType = wrapper.framework; name = MapKit.framework; path = System/Library/Frameworks/MapKit.framework; sourceTree = SDKROOT; };
		6BCBEAD81E48DE9000DF6273 /* CoreDataController.swift */ = {isa = PBXFileReference; fileEncoding = 4; lastKnownFileType = sourcecode.swift; path = CoreDataController.swift; sourceTree = "<group>"; };
		6BCBEADA1E48DEDE00DF6273 /* TJMApplicationError.swift */ = {isa = PBXFileReference; fileEncoding = 4; lastKnownFileType = sourcecode.swift; path = TJMApplicationError.swift; sourceTree = "<group>"; };
		6BCBEADE1E48DF8E00DF6273 /* LocationManager.swift */ = {isa = PBXFileReference; fileEncoding = 4; lastKnownFileType = sourcecode.swift; path = LocationManager.swift; sourceTree = "<group>"; };
		6BCBEAE31E4901B300DF6273 /* ReminderCell.swift */ = {isa = PBXFileReference; fileEncoding = 4; lastKnownFileType = sourcecode.swift; path = ReminderCell.swift; sourceTree = "<group>"; };
		6BCBEAE61E49026B00DF6273 /* ReminderListViewController.swift */ = {isa = PBXFileReference; fileEncoding = 4; lastKnownFileType = sourcecode.swift; path = ReminderListViewController.swift; sourceTree = "<group>"; };
		6BCBEAE91E490C4400DF6273 /* UserSettings.swift */ = {isa = PBXFileReference; fileEncoding = 4; lastKnownFileType = sourcecode.swift; path = UserSettings.swift; sourceTree = "<group>"; };
		6BCBEAEC1E4913B100DF6273 /* ReminderFetchedResultsManager.swift */ = {isa = PBXFileReference; fileEncoding = 4; lastKnownFileType = sourcecode.swift; path = ReminderFetchedResultsManager.swift; sourceTree = "<group>"; };
		6BCBEAEF1E49150100DF6273 /* SortPreference.swift */ = {isa = PBXFileReference; fileEncoding = 4; lastKnownFileType = sourcecode.swift; path = SortPreference.swift; sourceTree = "<group>"; };
		6BCBEAF21E4A304D00DF6273 /* Reminder+CoreDataClass.swift */ = {isa = PBXFileReference; fileEncoding = 4; lastKnownFileType = sourcecode.swift; name = "Reminder+CoreDataClass.swift"; path = "../Reminder+CoreDataClass.swift"; sourceTree = "<group>"; };
		6BCBEAF31E4A304D00DF6273 /* Reminder+CoreDataProperties.swift */ = {isa = PBXFileReference; fileEncoding = 4; lastKnownFileType = sourcecode.swift; name = "Reminder+CoreDataProperties.swift"; path = "../Reminder+CoreDataProperties.swift"; sourceTree = "<group>"; };
		6BCBEAF41E4A304D00DF6273 /* List+CoreDataClass.swift */ = {isa = PBXFileReference; fileEncoding = 4; lastKnownFileType = sourcecode.swift; name = "List+CoreDataClass.swift"; path = "../List+CoreDataClass.swift"; sourceTree = "<group>"; };
		6BCBEAF51E4A304D00DF6273 /* List+CoreDataProperties.swift */ = {isa = PBXFileReference; fileEncoding = 4; lastKnownFileType = sourcecode.swift; name = "List+CoreDataProperties.swift"; path = "../List+CoreDataProperties.swift"; sourceTree = "<group>"; };
		6BCBEAF61E4A304D00DF6273 /* TriggerLocation+CoreDataClass.swift */ = {isa = PBXFileReference; fileEncoding = 4; lastKnownFileType = sourcecode.swift; name = "TriggerLocation+CoreDataClass.swift"; path = "../TriggerLocation+CoreDataClass.swift"; sourceTree = "<group>"; };
		6BCBEAF71E4A304D00DF6273 /* TriggerLocation+CoreDataProperties.swift */ = {isa = PBXFileReference; fileEncoding = 4; lastKnownFileType = sourcecode.swift; name = "TriggerLocation+CoreDataProperties.swift"; path = "../TriggerLocation+CoreDataProperties.swift"; sourceTree = "<group>"; };
		6BCBEB0A1E4A388200DF6273 /* Date+Pretty.swift */ = {isa = PBXFileReference; fileEncoding = 4; lastKnownFileType = sourcecode.swift; path = "Date+Pretty.swift"; sourceTree = "<group>"; };
		6BCBEB0E1E4A397B00DF6273 /* UIViewController+DailyDiaryError.swift */ = {isa = PBXFileReference; fileEncoding = 4; lastKnownFileType = sourcecode.swift; path = "UIViewController+DailyDiaryError.swift"; sourceTree = "<group>"; };
		6BDEBFC01E5376DC00C64155 /* CLPlacemark+extensions.swift */ = {isa = PBXFileReference; fileEncoding = 4; lastKnownFileType = sourcecode.swift; path = "CLPlacemark+extensions.swift"; sourceTree = "<group>"; };
		6BDEBFC41E53B60400C64155 /* FilterPreference.swift */ = {isa = PBXFileReference; fileEncoding = 4; lastKnownFileType = sourcecode.swift; path = FilterPreference.swift; sourceTree = "<group>"; };
		6BDEBFC71E57E0B300C64155 /* HereUGoLogo@2x.png */ = {isa = PBXFileReference; lastKnownFileType = image.png; path = "HereUGoLogo@2x.png"; sourceTree = "<group>"; };
		6BDEBFC81E57E0B300C64155 /* HereUGoLogo@3x.png */ = {isa = PBXFileReference; lastKnownFileType = image.png; path = "HereUGoLogo@3x.png"; sourceTree = "<group>"; };
/* End PBXFileReference section */

/* Begin PBXFrameworksBuildPhase section */
		6BCBEA9B1E46CAAE00DF6273 /* Frameworks */ = {
			isa = PBXFrameworksBuildPhase;
			buildActionMask = 2147483647;
			files = (
				6BCBEAD71E48DDB100DF6273 /* MapKit.framework in Frameworks */,
			);
			runOnlyForDeploymentPostprocessing = 0;
		};
		6BCBEAB41E46CAAE00DF6273 /* Frameworks */ = {
			isa = PBXFrameworksBuildPhase;
			buildActionMask = 2147483647;
			files = (
			);
			runOnlyForDeploymentPostprocessing = 0;
		};
		6BCBEABF1E46CAAE00DF6273 /* Frameworks */ = {
			isa = PBXFrameworksBuildPhase;
			buildActionMask = 2147483647;
			files = (
			);
			runOnlyForDeploymentPostprocessing = 0;
		};
/* End PBXFrameworksBuildPhase section */

/* Begin PBXGroup section */
		6B8FA8F01E5240240037483C /* ViewControllers */ = {
			isa = PBXGroup;
			children = (
				6BCBEAE61E49026B00DF6273 /* ReminderListViewController.swift */,
				6BB00B221E5AA7F700FBED1C /* ReminderContainerViewController.swift */,
				6B8FA8B71E4B71A20037483C /* ReminderViewController.swift */,
				6B8FA8BF1E4CDD760037483C /* LocationViewController.swift */,
				6B8FA8E61E4E57FC0037483C /* SearchResultsTableViewController.swift */,
			);
			name = ViewControllers;
			sourceTree = "<group>";
		};
		6B8FA8F11E52403D0037483C /* Managers */ = {
			isa = PBXGroup;
			children = (
				6BCBEADE1E48DF8E00DF6273 /* LocationManager.swift */,
				6B8FA8E81E520A700037483C /* NotificationManager.swift */,
			);
			name = Managers;
			sourceTree = "<group>";
		};
		6BCBEA951E46CAAE00DF6273 = {
			isa = PBXGroup;
			children = (
				6BCBEAA01E46CAAE00DF6273 /* HereUGo */,
				6BCBEABA1E46CAAE00DF6273 /* HereUGoTests */,
				6BCBEAC51E46CAAE00DF6273 /* HereUGoUITests */,
				6BCBEA9F1E46CAAE00DF6273 /* Products */,
				6BCBEAD51E48DDB100DF6273 /* Frameworks */,
			);
			sourceTree = "<group>";
		};
		6BCBEA9F1E46CAAE00DF6273 /* Products */ = {
			isa = PBXGroup;
			children = (
				6BCBEA9E1E46CAAE00DF6273 /* HereUGo.app */,
				6BCBEAB71E46CAAE00DF6273 /* HereUGoTests.xctest */,
				6BCBEAC21E46CAAE00DF6273 /* HereUGoUITests.xctest */,
			);
			name = Products;
			sourceTree = "<group>";
		};
		6BCBEAA01E46CAAE00DF6273 /* HereUGo */ = {
			isa = PBXGroup;
			children = (
				6BCBEB0D1E4A388E00DF6273 /* Helper */,
				6BCBEAA11E46CAAE00DF6273 /* AppDelegate.swift */,
				6BCBEAD41E46D37E00DF6273 /* Model */,
				6BCBEAE21E49018D00DF6273 /* View */,
				6BCBEAE11E48DF9800DF6273 /* Controller */,
				6BCBEAAD1E46CAAE00DF6273 /* Assets.xcassets */,
				6BDEBFC71E57E0B300C64155 /* HereUGoLogo@2x.png */,
				6BDEBFC81E57E0B300C64155 /* HereUGoLogo@3x.png */,
				6B8FA8EA1E520EDB0037483C /* Notification.wav */,
				6BCBEAAF1E46CAAE00DF6273 /* LaunchScreen.storyboard */,
				6BCBEAB21E46CAAE00DF6273 /* Info.plist */,
			);
			path = HereUGo;
			sourceTree = "<group>";
		};
		6BCBEABA1E46CAAE00DF6273 /* HereUGoTests */ = {
			isa = PBXGroup;
			children = (
				6BCBEABB1E46CAAE00DF6273 /* HereUGoTests.swift */,
				6BCBEABD1E46CAAE00DF6273 /* Info.plist */,
			);
			path = HereUGoTests;
			sourceTree = "<group>";
		};
		6BCBEAC51E46CAAE00DF6273 /* HereUGoUITests */ = {
			isa = PBXGroup;
			children = (
				6BCBEAC61E46CAAE00DF6273 /* HereUGoUITests.swift */,
				6BCBEAC81E46CAAE00DF6273 /* Info.plist */,
			);
			path = HereUGoUITests;
			sourceTree = "<group>";
		};
		6BCBEAD41E46D37E00DF6273 /* Model */ = {
			isa = PBXGroup;
			children = (
				6BCBEAF21E4A304D00DF6273 /* Reminder+CoreDataClass.swift */,
				6BCBEAF31E4A304D00DF6273 /* Reminder+CoreDataProperties.swift */,
				6B8FA8BC1E4CCECE0037483C /* Reminder+Extensions.swift */,
				6BCBEAF41E4A304D00DF6273 /* List+CoreDataClass.swift */,
				6BCBEAF51E4A304D00DF6273 /* List+CoreDataProperties.swift */,
				6BCBEAF61E4A304D00DF6273 /* TriggerLocation+CoreDataClass.swift */,
				6BCBEAF71E4A304D00DF6273 /* TriggerLocation+CoreDataProperties.swift */,
				6B8FA8B91E4CC0240037483C /* TriggerLocation+Extensions.swift */,
				6BCBEADA1E48DEDE00DF6273 /* TJMApplicationError.swift */,
				6BCBEAD81E48DE9000DF6273 /* CoreDataController.swift */,
				6BCBEAA31E46CAAE00DF6273 /* HereUGo.xcdatamodeld */,
				6BCBEAE91E490C4400DF6273 /* UserSettings.swift */,
				6BCBEAEF1E49150100DF6273 /* SortPreference.swift */,
				6BDEBFC41E53B60400C64155 /* FilterPreference.swift */,
				6BCBEAEC1E4913B100DF6273 /* ReminderFetchedResultsManager.swift */,
			);
			name = Model;
			sourceTree = "<group>";
		};
		6BCBEAD51E48DDB100DF6273 /* Frameworks */ = {
			isa = PBXGroup;
			children = (
				6BCBEAD61E48DDB100DF6273 /* MapKit.framework */,
			);
			name = Frameworks;
			sourceTree = "<group>";
		};
		6BCBEAE11E48DF9800DF6273 /* Controller */ = {
			isa = PBXGroup;
			children = (
				6B8FA8F11E52403D0037483C /* Managers */,
				6B8FA8F01E5240240037483C /* ViewControllers */,
			);
			name = Controller;
			sourceTree = "<group>";
		};
		6BCBEAE21E49018D00DF6273 /* View */ = {
			isa = PBXGroup;
			children = (
				6BCBEAAA1E46CAAE00DF6273 /* Main.storyboard */,
				6BCBEAE31E4901B300DF6273 /* ReminderCell.swift */,
			);
			name = View;
			sourceTree = "<group>";
		};
		6BCBEB0D1E4A388E00DF6273 /* Helper */ = {
			isa = PBXGroup;
			children = (
				6BCBEB0A1E4A388200DF6273 /* Date+Pretty.swift */,
				6BCBEB0E1E4A397B00DF6273 /* UIViewController+DailyDiaryError.swift */,
				6BDEBFC01E5376DC00C64155 /* CLPlacemark+extensions.swift */,
			);
			name = Helper;
			sourceTree = "<group>";
		};
/* End PBXGroup section */

/* Begin PBXNativeTarget section */
		6BCBEA9D1E46CAAE00DF6273 /* HereUGo */ = {
			isa = PBXNativeTarget;
			buildConfigurationList = 6BCBEACB1E46CAAE00DF6273 /* Build configuration list for PBXNativeTarget "HereUGo" */;
			buildPhases = (
				6BCBEA9A1E46CAAE00DF6273 /* Sources */,
				6BCBEA9B1E46CAAE00DF6273 /* Frameworks */,
				6BCBEA9C1E46CAAE00DF6273 /* Resources */,
			);
			buildRules = (
			);
			dependencies = (
			);
			name = HereUGo;
			productName = HereUGo;
			productReference = 6BCBEA9E1E46CAAE00DF6273 /* HereUGo.app */;
			productType = "com.apple.product-type.application";
		};
		6BCBEAB61E46CAAE00DF6273 /* HereUGoTests */ = {
			isa = PBXNativeTarget;
			buildConfigurationList = 6BCBEACE1E46CAAE00DF6273 /* Build configuration list for PBXNativeTarget "HereUGoTests" */;
			buildPhases = (
				6BCBEAB31E46CAAE00DF6273 /* Sources */,
				6BCBEAB41E46CAAE00DF6273 /* Frameworks */,
				6BCBEAB51E46CAAE00DF6273 /* Resources */,
			);
			buildRules = (
			);
			dependencies = (
				6BCBEAB91E46CAAE00DF6273 /* PBXTargetDependency */,
			);
			name = HereUGoTests;
			productName = HereUGoTests;
			productReference = 6BCBEAB71E46CAAE00DF6273 /* HereUGoTests.xctest */;
			productType = "com.apple.product-type.bundle.unit-test";
		};
		6BCBEAC11E46CAAE00DF6273 /* HereUGoUITests */ = {
			isa = PBXNativeTarget;
			buildConfigurationList = 6BCBEAD11E46CAAE00DF6273 /* Build configuration list for PBXNativeTarget "HereUGoUITests" */;
			buildPhases = (
				6BCBEABE1E46CAAE00DF6273 /* Sources */,
				6BCBEABF1E46CAAE00DF6273 /* Frameworks */,
				6BCBEAC01E46CAAE00DF6273 /* Resources */,
			);
			buildRules = (
			);
			dependencies = (
				6BCBEAC41E46CAAE00DF6273 /* PBXTargetDependency */,
			);
			name = HereUGoUITests;
			productName = HereUGoUITests;
			productReference = 6BCBEAC21E46CAAE00DF6273 /* HereUGoUITests.xctest */;
			productType = "com.apple.product-type.bundle.ui-testing";
		};
/* End PBXNativeTarget section */

/* Begin PBXProject section */
		6BCBEA961E46CAAE00DF6273 /* Project object */ = {
			isa = PBXProject;
			attributes = {
				LastSwiftUpdateCheck = 0820;
				LastUpgradeCheck = 0820;
				ORGANIZATIONNAME = redBred;
				TargetAttributes = {
					6BCBEA9D1E46CAAE00DF6273 = {
						CreatedOnToolsVersion = 8.2.1;
						DevelopmentTeam = 646297YD5V;
						ProvisioningStyle = Automatic;
						SystemCapabilities = {
							com.apple.Maps.iOS = {
								enabled = 1;
							};
						};
					};
					6BCBEAB61E46CAAE00DF6273 = {
						CreatedOnToolsVersion = 8.2.1;
						DevelopmentTeam = 646297YD5V;
						ProvisioningStyle = Automatic;
						TestTargetID = 6BCBEA9D1E46CAAE00DF6273;
					};
					6BCBEAC11E46CAAE00DF6273 = {
						CreatedOnToolsVersion = 8.2.1;
						DevelopmentTeam = 646297YD5V;
						ProvisioningStyle = Automatic;
						TestTargetID = 6BCBEA9D1E46CAAE00DF6273;
					};
				};
			};
			buildConfigurationList = 6BCBEA991E46CAAE00DF6273 /* Build configuration list for PBXProject "HereUGo" */;
			compatibilityVersion = "Xcode 3.2";
			developmentRegion = English;
			hasScannedForEncodings = 0;
			knownRegions = (
				en,
				Base,
			);
			mainGroup = 6BCBEA951E46CAAE00DF6273;
			productRefGroup = 6BCBEA9F1E46CAAE00DF6273 /* Products */;
			projectDirPath = "";
			projectRoot = "";
			targets = (
				6BCBEA9D1E46CAAE00DF6273 /* HereUGo */,
				6BCBEAB61E46CAAE00DF6273 /* HereUGoTests */,
				6BCBEAC11E46CAAE00DF6273 /* HereUGoUITests */,
			);
		};
/* End PBXProject section */

/* Begin PBXResourcesBuildPhase section */
		6BCBEA9C1E46CAAE00DF6273 /* Resources */ = {
			isa = PBXResourcesBuildPhase;
			buildActionMask = 2147483647;
			files = (
				6BCBEAB11E46CAAE00DF6273 /* LaunchScreen.storyboard in Resources */,
				6BDEBFC91E57E0B300C64155 /* HereUGoLogo@2x.png in Resources */,
				6BDEBFCA1E57E0B300C64155 /* HereUGoLogo@3x.png in Resources */,
				6B8FA8EB1E520EDB0037483C /* Notification.wav in Resources */,
				6BCBEAAE1E46CAAE00DF6273 /* Assets.xcassets in Resources */,
				6BCBEAAC1E46CAAE00DF6273 /* Main.storyboard in Resources */,
			);
			runOnlyForDeploymentPostprocessing = 0;
		};
		6BCBEAB51E46CAAE00DF6273 /* Resources */ = {
			isa = PBXResourcesBuildPhase;
			buildActionMask = 2147483647;
			files = (
			);
			runOnlyForDeploymentPostprocessing = 0;
		};
		6BCBEAC01E46CAAE00DF6273 /* Resources */ = {
			isa = PBXResourcesBuildPhase;
			buildActionMask = 2147483647;
			files = (
			);
			runOnlyForDeploymentPostprocessing = 0;
		};
/* End PBXResourcesBuildPhase section */

/* Begin PBXSourcesBuildPhase section */
		6BCBEA9A1E46CAAE00DF6273 /* Sources */ = {
			isa = PBXSourcesBuildPhase;
			buildActionMask = 2147483647;
			files = (
				6BCBEAF81E4A304D00DF6273 /* Reminder+CoreDataClass.swift in Sources */,
				6B8FA8BD1E4CCECE0037483C /* Reminder+Extensions.swift in Sources */,
				6BCBEB0B1E4A388200DF6273 /* Date+Pretty.swift in Sources */,
				6B8FA8B81E4B71A20037483C /* ReminderViewController.swift in Sources */,
				6BCBEAA21E46CAAE00DF6273 /* AppDelegate.swift in Sources */,
				6B8FA8E91E520A700037483C /* NotificationManager.swift in Sources */,
				6BCBEAA51E46CAAE00DF6273 /* HereUGo.xcdatamodeld in Sources */,
				6BB00B231E5AA7F700FBED1C /* ReminderContainerViewController.swift in Sources */,
				6BCBEAD91E48DE9000DF6273 /* CoreDataController.swift in Sources */,
				6BCBEAEA1E490C4400DF6273 /* UserSettings.swift in Sources */,
				6BCBEAE41E4901B300DF6273 /* ReminderCell.swift in Sources */,
				6BDEBFC11E5376DC00C64155 /* CLPlacemark+extensions.swift in Sources */,
				6BCBEAE71E49026B00DF6273 /* ReminderListViewController.swift in Sources */,
				6BDEBFC51E53B60400C64155 /* FilterPreference.swift in Sources */,
				6B8FA8BA1E4CC0240037483C /* TriggerLocation+Extensions.swift in Sources */,
				6B8FA8E71E4E57FC0037483C /* SearchResultsTableViewController.swift in Sources */,
				6BCBEAFC1E4A304D00DF6273 /* List+CoreDataClass.swift in Sources */,
				6B8FA8C01E4CDD760037483C /* LocationViewController.swift in Sources */,
				6BCBEB001E4A304D00DF6273 /* TriggerLocation+CoreDataClass.swift in Sources */,
				6BCBEADF1E48DF8E00DF6273 /* LocationManager.swift in Sources */,
				6BCBEADB1E48DEDE00DF6273 /* TJMApplicationError.swift in Sources */,
				6BCBEAED1E4913B100DF6273 /* ReminderFetchedResultsManager.swift in Sources */,
				6BCBEB021E4A304D00DF6273 /* TriggerLocation+CoreDataProperties.swift in Sources */,
				6BCBEAFA1E4A304D00DF6273 /* Reminder+CoreDataProperties.swift in Sources */,
				6BCBEAF01E49150100DF6273 /* SortPreference.swift in Sources */,
				6BCBEAFE1E4A304D00DF6273 /* List+CoreDataProperties.swift in Sources */,
				6BCBEB0F1E4A397B00DF6273 /* UIViewController+DailyDiaryError.swift in Sources */,
			);
			runOnlyForDeploymentPostprocessing = 0;
		};
		6BCBEAB31E46CAAE00DF6273 /* Sources */ = {
			isa = PBXSourcesBuildPhase;
			buildActionMask = 2147483647;
			files = (
				6BCBEADC1E48DEDE00DF6273 /* TJMApplicationError.swift in Sources */,
				6B8FA8BE1E4CCECE0037483C /* Reminder+Extensions.swift in Sources */,
				6BCBEAEB1E490C4400DF6273 /* UserSettings.swift in Sources */,
				6BCBEB011E4A304D00DF6273 /* TriggerLocation+CoreDataClass.swift in Sources */,
				6BDEBFC61E53B60400C64155 /* FilterPreference.swift in Sources */,
				6BCBEABC1E46CAAE00DF6273 /* HereUGoTests.swift in Sources */,
				6BCBEAF91E4A304D00DF6273 /* Reminder+CoreDataClass.swift in Sources */,
				6BCBEAFD1E4A304D00DF6273 /* List+CoreDataClass.swift in Sources */,
				6B8FA8BB1E4CC0240037483C /* TriggerLocation+Extensions.swift in Sources */,
				6BCBEB0C1E4A388200DF6273 /* Date+Pretty.swift in Sources */,
				6BDEBFC31E53780A00C64155 /* CLPlacemark+extensions.swift in Sources */,
				6BCBEAE01E48DF8E00DF6273 /* LocationManager.swift in Sources */,
				6BCBEB031E4A304D00DF6273 /* TriggerLocation+CoreDataProperties.swift in Sources */,
				6BCBEAFF1E4A304D00DF6273 /* List+CoreDataProperties.swift in Sources */,
				6BCBEAE51E4901B300DF6273 /* ReminderCell.swift in Sources */,
				6BCBEAF11E49150100DF6273 /* SortPreference.swift in Sources */,
				6BCBEAEE1E4913B100DF6273 /* ReminderFetchedResultsManager.swift in Sources */,
				6BCBEAFB1E4A304D00DF6273 /* Reminder+CoreDataProperties.swift in Sources */,
				6BCBEB101E4A397B00DF6273 /* UIViewController+DailyDiaryError.swift in Sources */,
			);
			runOnlyForDeploymentPostprocessing = 0;
		};
		6BCBEABE1E46CAAE00DF6273 /* Sources */ = {
			isa = PBXSourcesBuildPhase;
			buildActionMask = 2147483647;
			files = (
				6BCBEAC71E46CAAE00DF6273 /* HereUGoUITests.swift in Sources */,
			);
			runOnlyForDeploymentPostprocessing = 0;
		};
/* End PBXSourcesBuildPhase section */

/* Begin PBXTargetDependency section */
		6BCBEAB91E46CAAE00DF6273 /* PBXTargetDependency */ = {
			isa = PBXTargetDependency;
			target = 6BCBEA9D1E46CAAE00DF6273 /* HereUGo */;
			targetProxy = 6BCBEAB81E46CAAE00DF6273 /* PBXContainerItemProxy */;
		};
		6BCBEAC41E46CAAE00DF6273 /* PBXTargetDependency */ = {
			isa = PBXTargetDependency;
			target = 6BCBEA9D1E46CAAE00DF6273 /* HereUGo */;
			targetProxy = 6BCBEAC31E46CAAE00DF6273 /* PBXContainerItemProxy */;
		};
/* End PBXTargetDependency section */

/* Begin PBXVariantGroup section */
		6BCBEAAA1E46CAAE00DF6273 /* Main.storyboard */ = {
			isa = PBXVariantGroup;
			children = (
				6BCBEAAB1E46CAAE00DF6273 /* Base */,
			);
			name = Main.storyboard;
			sourceTree = "<group>";
		};
		6BCBEAAF1E46CAAE00DF6273 /* LaunchScreen.storyboard */ = {
			isa = PBXVariantGroup;
			children = (
				6BCBEAB01E46CAAE00DF6273 /* Base */,
			);
			name = LaunchScreen.storyboard;
			sourceTree = "<group>";
		};
/* End PBXVariantGroup section */

/* Begin XCBuildConfiguration section */
		6BCBEAC91E46CAAE00DF6273 /* Debug */ = {
			isa = XCBuildConfiguration;
			buildSettings = {
				ALWAYS_SEARCH_USER_PATHS = NO;
				CLANG_ANALYZER_NONNULL = YES;
				CLANG_CXX_LANGUAGE_STANDARD = "gnu++0x";
				CLANG_CXX_LIBRARY = "libc++";
				CLANG_ENABLE_MODULES = YES;
				CLANG_ENABLE_OBJC_ARC = YES;
				CLANG_WARN_BOOL_CONVERSION = YES;
				CLANG_WARN_CONSTANT_CONVERSION = YES;
				CLANG_WARN_DIRECT_OBJC_ISA_USAGE = YES_ERROR;
				CLANG_WARN_DOCUMENTATION_COMMENTS = YES;
				CLANG_WARN_EMPTY_BODY = YES;
				CLANG_WARN_ENUM_CONVERSION = YES;
				CLANG_WARN_INFINITE_RECURSION = YES;
				CLANG_WARN_INT_CONVERSION = YES;
				CLANG_WARN_OBJC_ROOT_CLASS = YES_ERROR;
				CLANG_WARN_SUSPICIOUS_MOVE = YES;
				CLANG_WARN_UNREACHABLE_CODE = YES;
				CLANG_WARN__DUPLICATE_METHOD_MATCH = YES;
				"CODE_SIGN_IDENTITY[sdk=iphoneos*]" = "iPhone Developer";
				COPY_PHASE_STRIP = NO;
				DEBUG_INFORMATION_FORMAT = dwarf;
				ENABLE_STRICT_OBJC_MSGSEND = YES;
				ENABLE_TESTABILITY = YES;
				GCC_C_LANGUAGE_STANDARD = gnu99;
				GCC_DYNAMIC_NO_PIC = NO;
				GCC_NO_COMMON_BLOCKS = YES;
				GCC_OPTIMIZATION_LEVEL = 0;
				GCC_PREPROCESSOR_DEFINITIONS = (
					"DEBUG=1",
					"$(inherited)",
				);
				GCC_WARN_64_TO_32_BIT_CONVERSION = YES;
				GCC_WARN_ABOUT_RETURN_TYPE = YES_ERROR;
				GCC_WARN_UNDECLARED_SELECTOR = YES;
				GCC_WARN_UNINITIALIZED_AUTOS = YES_AGGRESSIVE;
				GCC_WARN_UNUSED_FUNCTION = YES;
				GCC_WARN_UNUSED_VARIABLE = YES;
				IPHONEOS_DEPLOYMENT_TARGET = 10.2;
				MTL_ENABLE_DEBUG_INFO = YES;
				ONLY_ACTIVE_ARCH = YES;
				SDKROOT = iphoneos;
				SWIFT_ACTIVE_COMPILATION_CONDITIONS = DEBUG;
				SWIFT_OPTIMIZATION_LEVEL = "-Onone";
				TARGETED_DEVICE_FAMILY = "1,2";
			};
			name = Debug;
		};
		6BCBEACA1E46CAAE00DF6273 /* Release */ = {
			isa = XCBuildConfiguration;
			buildSettings = {
				ALWAYS_SEARCH_USER_PATHS = NO;
				CLANG_ANALYZER_NONNULL = YES;
				CLANG_CXX_LANGUAGE_STANDARD = "gnu++0x";
				CLANG_CXX_LIBRARY = "libc++";
				CLANG_ENABLE_MODULES = YES;
				CLANG_ENABLE_OBJC_ARC = YES;
				CLANG_WARN_BOOL_CONVERSION = YES;
				CLANG_WARN_CONSTANT_CONVERSION = YES;
				CLANG_WARN_DIRECT_OBJC_ISA_USAGE = YES_ERROR;
				CLANG_WARN_DOCUMENTATION_COMMENTS = YES;
				CLANG_WARN_EMPTY_BODY = YES;
				CLANG_WARN_ENUM_CONVERSION = YES;
				CLANG_WARN_INFINITE_RECURSION = YES;
				CLANG_WARN_INT_CONVERSION = YES;
				CLANG_WARN_OBJC_ROOT_CLASS = YES_ERROR;
				CLANG_WARN_SUSPICIOUS_MOVE = YES;
				CLANG_WARN_UNREACHABLE_CODE = YES;
				CLANG_WARN__DUPLICATE_METHOD_MATCH = YES;
				"CODE_SIGN_IDENTITY[sdk=iphoneos*]" = "iPhone Developer";
				COPY_PHASE_STRIP = NO;
				DEBUG_INFORMATION_FORMAT = "dwarf-with-dsym";
				ENABLE_NS_ASSERTIONS = NO;
				ENABLE_STRICT_OBJC_MSGSEND = YES;
				GCC_C_LANGUAGE_STANDARD = gnu99;
				GCC_NO_COMMON_BLOCKS = YES;
				GCC_WARN_64_TO_32_BIT_CONVERSION = YES;
				GCC_WARN_ABOUT_RETURN_TYPE = YES_ERROR;
				GCC_WARN_UNDECLARED_SELECTOR = YES;
				GCC_WARN_UNINITIALIZED_AUTOS = YES_AGGRESSIVE;
				GCC_WARN_UNUSED_FUNCTION = YES;
				GCC_WARN_UNUSED_VARIABLE = YES;
				IPHONEOS_DEPLOYMENT_TARGET = 10.2;
				MTL_ENABLE_DEBUG_INFO = NO;
				SDKROOT = iphoneos;
				SWIFT_OPTIMIZATION_LEVEL = "-Owholemodule";
				TARGETED_DEVICE_FAMILY = "1,2";
				VALIDATE_PRODUCT = YES;
			};
			name = Release;
		};
		6BCBEACC1E46CAAE00DF6273 /* Debug */ = {
			isa = XCBuildConfiguration;
			buildSettings = {
				ASSETCATALOG_COMPILER_APPICON_NAME = AppIcon;
				DEVELOPMENT_TEAM = 646297YD5V;
				INFOPLIST_FILE = HereUGo/Info.plist;
				IPHONEOS_DEPLOYMENT_TARGET = 10.0;
				LD_RUNPATH_SEARCH_PATHS = "$(inherited) @executable_path/Frameworks";
				PRODUCT_BUNDLE_IDENTIFIER = com.redBred.HereUGo;
				PRODUCT_NAME = "$(TARGET_NAME)";
				SWIFT_VERSION = 3.0;
			};
			name = Debug;
		};
		6BCBEACD1E46CAAE00DF6273 /* Release */ = {
			isa = XCBuildConfiguration;
			buildSettings = {
				ASSETCATALOG_COMPILER_APPICON_NAME = AppIcon;
				DEVELOPMENT_TEAM = 646297YD5V;
				INFOPLIST_FILE = HereUGo/Info.plist;
				IPHONEOS_DEPLOYMENT_TARGET = 10.0;
				LD_RUNPATH_SEARCH_PATHS = "$(inherited) @executable_path/Frameworks";
				PRODUCT_BUNDLE_IDENTIFIER = com.redBred.HereUGo;
				PRODUCT_NAME = "$(TARGET_NAME)";
				SWIFT_VERSION = 3.0;
			};
			name = Release;
		};
		6BCBEACF1E46CAAE00DF6273 /* Debug */ = {
			isa = XCBuildConfiguration;
			buildSettings = {
				ALWAYS_EMBED_SWIFT_STANDARD_LIBRARIES = YES;
				BUNDLE_LOADER = "$(TEST_HOST)";
				DEVELOPMENT_TEAM = 646297YD5V;
				INFOPLIST_FILE = HereUGoTests/Info.plist;
				LD_RUNPATH_SEARCH_PATHS = "$(inherited) @executable_path/Frameworks @loader_path/Frameworks";
				PRODUCT_BUNDLE_IDENTIFIER = com.redBred.HereUGoTests;
				PRODUCT_NAME = "$(TARGET_NAME)";
				SWIFT_VERSION = 3.0;
				TEST_HOST = "$(BUILT_PRODUCTS_DIR)/HereUGo.app/HereUGo";
			};
			name = Debug;
		};
		6BCBEAD01E46CAAE00DF6273 /* Release */ = {
			isa = XCBuildConfiguration;
			buildSettings = {
				ALWAYS_EMBED_SWIFT_STANDARD_LIBRARIES = YES;
				BUNDLE_LOADER = "$(TEST_HOST)";
				DEVELOPMENT_TEAM = 646297YD5V;
				INFOPLIST_FILE = HereUGoTests/Info.plist;
				LD_RUNPATH_SEARCH_PATHS = "$(inherited) @executable_path/Frameworks @loader_path/Frameworks";
				PRODUCT_BUNDLE_IDENTIFIER = com.redBred.HereUGoTests;
				PRODUCT_NAME = "$(TARGET_NAME)";
				SWIFT_VERSION = 3.0;
				TEST_HOST = "$(BUILT_PRODUCTS_DIR)/HereUGo.app/HereUGo";
			};
			name = Release;
		};
		6BCBEAD21E46CAAE00DF6273 /* Debug */ = {
			isa = XCBuildConfiguration;
			buildSettings = {
				ALWAYS_EMBED_SWIFT_STANDARD_LIBRARIES = YES;
				DEVELOPMENT_TEAM = 646297YD5V;
				INFOPLIST_FILE = HereUGoUITests/Info.plist;
				LD_RUNPATH_SEARCH_PATHS = "$(inherited) @executable_path/Frameworks @loader_path/Frameworks";
				PRODUCT_BUNDLE_IDENTIFIER = com.redBred.HereUGoUITests;
				PRODUCT_NAME = "$(TARGET_NAME)";
				SWIFT_VERSION = 3.0;
				TEST_TARGET_NAME = HereUGo;
			};
			name = Debug;
		};
		6BCBEAD31E46CAAE00DF6273 /* Release */ = {
			isa = XCBuildConfiguration;
			buildSettings = {
				ALWAYS_EMBED_SWIFT_STANDARD_LIBRARIES = YES;
				DEVELOPMENT_TEAM = 646297YD5V;
				INFOPLIST_FILE = HereUGoUITests/Info.plist;
				LD_RUNPATH_SEARCH_PATHS = "$(inherited) @executable_path/Frameworks @loader_path/Frameworks";
				PRODUCT_BUNDLE_IDENTIFIER = com.redBred.HereUGoUITests;
				PRODUCT_NAME = "$(TARGET_NAME)";
				SWIFT_VERSION = 3.0;
				TEST_TARGET_NAME = HereUGo;
			};
			name = Release;
		};
/* End XCBuildConfiguration section */

/* Begin XCConfigurationList section */
		6BCBEA991E46CAAE00DF6273 /* Build configuration list for PBXProject "HereUGo" */ = {
			isa = XCConfigurationList;
			buildConfigurations = (
				6BCBEAC91E46CAAE00DF6273 /* Debug */,
				6BCBEACA1E46CAAE00DF6273 /* Release */,
			);
			defaultConfigurationIsVisible = 0;
			defaultConfigurationName = Release;
		};
		6BCBEACB1E46CAAE00DF6273 /* Build configuration list for PBXNativeTarget "HereUGo" */ = {
			isa = XCConfigurationList;
			buildConfigurations = (
				6BCBEACC1E46CAAE00DF6273 /* Debug */,
				6BCBEACD1E46CAAE00DF6273 /* Release */,
			);
			defaultConfigurationIsVisible = 0;
			defaultConfigurationName = Release;
		};
		6BCBEACE1E46CAAE00DF6273 /* Build configuration list for PBXNativeTarget "HereUGoTests" */ = {
			isa = XCConfigurationList;
			buildConfigurations = (
				6BCBEACF1E46CAAE00DF6273 /* Debug */,
				6BCBEAD01E46CAAE00DF6273 /* Release */,
			);
			defaultConfigurationIsVisible = 0;
			defaultConfigurationName = Release;
		};
		6BCBEAD11E46CAAE00DF6273 /* Build configuration list for PBXNativeTarget "HereUGoUITests" */ = {
			isa = XCConfigurationList;
			buildConfigurations = (
				6BCBEAD21E46CAAE00DF6273 /* Debug */,
				6BCBEAD31E46CAAE00DF6273 /* Release */,
			);
			defaultConfigurationIsVisible = 0;
			defaultConfigurationName = Release;
		};
/* End XCConfigurationList section */

/* Begin XCVersionGroup section */
		6BCBEAA31E46CAAE00DF6273 /* HereUGo.xcdatamodeld */ = {
			isa = XCVersionGroup;
			children = (
				6BCBEAA41E46CAAE00DF6273 /* HereUGo.xcdatamodel */,
			);
			currentVersion = 6BCBEAA41E46CAAE00DF6273 /* HereUGo.xcdatamodel */;
			path = HereUGo.xcdatamodeld;
			sourceTree = "<group>";
			versionGroupType = wrapper.xcdatamodel;
		};
/* End XCVersionGroup section */
	};
	rootObject = 6BCBEA961E46CAAE00DF6273 /* Project object */;
}
